# This file is autogenerated, do not edit; changes may be undone by the next 'dep ensure'.


[[projects]]
  digest = "1:a0f79124a2fba5112d3d1466b917daf508e548c6c2da106399df92a79e06628b"
  name = "contrib.go.opencensus.io/exporter/prometheus"
  packages = ["."]
  pruneopts = "UT"
  revision = "f4a2c1e53ec45636355d35fb9022b64e4bdd4a91"
  version = "v0.1.0"

[[projects]]
  branch = "master"
  digest = "1:df416aef14f1103aea76c44be36073f8765565aba08e8acb37cde8c15f28bf33"
  name = "github.com/AndreasBriese/bbloom"
  packages = ["."]
  pruneopts = "UT"
  revision = "46b345b51c9667fcbaad862a370d73bd7aa802b6"

[[projects]]
  branch = "master"
  digest = "1:6da51e5ec493ad2b44cb04129e2d0a068c8fb9bd6cb5739d199573558696bb94"
  name = "github.com/Azure/go-ansiterm"
  packages = [
    ".",
    "winterm",
  ]
  pruneopts = "UT"
  revision = "d6e3b3328b783f23731bc4d058875b0371ff8109"

[[projects]]
  digest = "1:d5e752c67b445baa5b6cb6f8aa706775c2aa8e41aca95a0c651520ff2c80361a"
  name = "github.com/Microsoft/go-winio"
  packages = [
    ".",
    "pkg/guid",
  ]
  pruneopts = "UT"
  revision = "6c72808b55902eae4c5943626030429ff20f3b63"
  version = "v0.4.14"

[[projects]]
  branch = "master"
  digest = "1:3721a10686511b80c052323423f0de17a8c06d417dbdd3b392b1578432a33aae"
  name = "github.com/Nvveen/Gotty"
  packages = ["."]
  pruneopts = "UT"
  revision = "cd527374f1e5bff4938207604a14f2e38a9cf512"

[[projects]]
  digest = "1:cec26b79db3e2004acb5b115a3a446ac5803b803d54897545679a2082a703afc"
  name = "github.com/ThreeDotsLabs/watermill"
  packages = [
    ".",
    "internal",
    "message",
    "pubsub/sync",
  ]
  pruneopts = "UT"
  revision = "5a4ba70ef6846683d0667e4063d3ba5683dfc519"
  version = "v1.0.0"

[[projects]]
  digest = "1:d6afaeed1502aa28e80a4ed0981d570ad91b2579193404256ce672ed0a609e0d"
  name = "github.com/beorn7/perks"
  packages = ["quantile"]
  pruneopts = "UT"
  revision = "37c8de3658fcb183f997c4e13e8337516ab753e6"
  version = "v1.0.1"

[[projects]]
  digest = "1:c1100fc71e23b6a32b2c68a5202a848fd13811d5a10b12edb8019c3667d1cd9a"
  name = "github.com/cenkalti/backoff"
  packages = ["."]
  pruneopts = "UT"
  revision = "4b4cebaf850ec58f1bb1fec5bdebdf8501c2bc3f"
  version = "v3.0.0"

[[projects]]
  branch = "master"
  digest = "1:e48c63e818c67fbf3d7afe20bba33134ab1a5bf384847385384fd027652a5a96"
  name = "github.com/containerd/continuity"
  packages = ["pathdriver"]
  pruneopts = "UT"
  revision = "75bee3e2ccb6402e3a986ab8bd3b17003fc0fdec"

[[projects]]
  digest = "1:ffe9824d294da03b391f44e1ae8281281b4afc1bdaa9588c9097785e3af10cec"
  name = "github.com/davecgh/go-spew"
  packages = ["spew"]
  pruneopts = "UT"
  revision = "8991bc29aa16c548c550c7ff78260e27b9ab7c73"
  version = "v1.1.1"

[[projects]]
  digest = "1:6be8582a4f52ba2851d8a039eb9c3a3b90334b2820563d71e97de35580da128e"
  name = "github.com/dgraph-io/badger"
  packages = [
    ".",
    "options",
    "pb",
    "skl",
    "table",
    "y",
  ]
  pruneopts = "UT"
  revision = "2fa005c9d4bf695277ab5214c1fbce3735b9562a"
  version = "v1.6.0"

[[projects]]
  branch = "master"
  digest = "1:6e8109ce247a59ab1eeb5330166c12735f6590de99c9647b6162d11518d32c9a"
  name = "github.com/dgryski/go-farm"
  packages = ["."]
  pruneopts = "UT"
  revision = "6a90982ecee230ff6cba02d5bd386acc030be9d3"

[[projects]]
  digest = "1:ade935c55cd6d0367c843b109b09c9d748b1982952031414740750fdf94747eb"
  name = "github.com/docker/go-connections"
  packages = ["nat"]
  pruneopts = "UT"
  revision = "7395e3f8aa162843a74ed6d48e79627d9792ac55"
  version = "v0.4.0"

[[projects]]
  digest = "1:e95ef557dc3120984bb66b385ae01b4bb8ff56bcde28e7b0d1beed0cccc4d69f"
  name = "github.com/docker/go-units"
  packages = ["."]
  pruneopts = "UT"
  revision = "519db1ee28dcc9fd2474ae59fca29a810482bfb1"
  version = "v0.4.0"

[[projects]]
  digest = "1:6f9339c912bbdda81302633ad7e99a28dfa5a639c864061f1929510a9a64aa74"
  name = "github.com/dustin/go-humanize"
  packages = ["."]
  pruneopts = "UT"
  revision = "9f541cc9db5d55bce703bd99987c9d5cb8eea45e"
  version = "v1.0.0"

[[projects]]
  digest = "1:abeb38ade3f32a92943e5be54f55ed6d6e3b6602761d74b4aab4c9dd45c18abd"
  name = "github.com/fsnotify/fsnotify"
  packages = ["."]
  pruneopts = "UT"
  revision = "c2828203cd70a50dcccfb2761f8b1f8ceef9a8e9"
  version = "v1.4.7"

[[projects]]
  digest = "1:9b678d4adcff3f52856870f7b1c66751b4a571e32213be6222cdd9ee4001e6fb"
  name = "github.com/go-pg/migrations"
  packages = ["."]
  pruneopts = "UT"
  revision = "507ad1fcc046a356ccf947b5b486e9ecc7097d37"
  version = "v6.7.3"

[[projects]]
  digest = "1:f9448bfab8ebe44e3d91e4e4475cf92d60789a614652f361df4e41972c9d5caf"
  name = "github.com/go-pg/pg"
  packages = [
    ".",
    "internal",
    "internal/iszero",
    "internal/parser",
    "internal/pool",
    "internal/struct_filter",
    "internal/tag",
    "orm",
    "types",
  ]
  pruneopts = "UT"
  revision = "1d957cb20f319c4a1e2db7d345824c12aefe5943"
  version = "v8.0.6"

[[projects]]
  digest = "1:e20a9d6598878d629e04541d96076bf232c1ee36f6b267c4a5dae7779f15c36a"
  name = "github.com/gogo/protobuf"
  packages = [
    "gogoproto",
    "proto",
    "protoc-gen-gogo/descriptor",
  ]
  pruneopts = "UT"
  revision = "5628607bb4c51c3157aacc3a50f0ab707582b805"
  version = "v1.3.1"

[[projects]]
  digest = "1:68bb23c556ad49139e6166df2d2a644e0a6fd2a6179d66efc1f0cc86d6a79be0"
  name = "github.com/gojuno/minimock"
  packages = ["."]
  pruneopts = "UT"
  revision = "1672f6126e23b7f7fd76ce77268c71689e435eeb"
  version = "v2.1.9"

[[projects]]
  branch = "master"
  digest = "1:b7cb6054d3dff43b38ad2e92492f220f57ae6087ee797dca298139776749ace8"
  name = "github.com/golang/groupcache"
  packages = ["lru"]
  pruneopts = "UT"
  revision = "404acd9df4cc9859d64fb9eed42e5c026187287a"

[[projects]]
  digest = "1:f5ce1529abc1204444ec73779f44f94e2fa8fcdb7aca3c355b0c95947e4005c6"
  name = "github.com/golang/protobuf"
  packages = [
    "proto",
    "ptypes",
    "ptypes/any",
    "ptypes/duration",
    "ptypes/timestamp",
  ]
  pruneopts = "UT"
  revision = "6c65a5562fc06764971b7c5d05c76c75e84bdbf7"
  version = "v1.3.2"

[[projects]]
  branch = "master"
  digest = "1:5ae41d15bdb186323e7e97dc1c185ff314b6d7d20d030c8dea8485f41b99d2f4"
  name = "github.com/google/gofuzz"
  packages = ["."]
  pruneopts = "UT"
  revision = "b906efc57a556621b61db18d73df8c109dfa3613"

[[projects]]
  digest = "1:582b704bebaa06b48c29b0cec224a6058a09c86883aaddabde889cd1a5f73e1b"
  name = "github.com/google/uuid"
  packages = ["."]
  pruneopts = "UT"
  revision = "0cd6bf5da1e1c83f8b45653022c74f71af0538a4"
  version = "v1.1.1"

[[projects]]
  digest = "1:c77361e611524ec8f2ad37c408c3c916111a70b6acf806a1200855696bf8fa4d"
  name = "github.com/hashicorp/golang-lru"
  packages = [
    ".",
    "simplelru",
  ]
  pruneopts = "UT"
  revision = "7f827b33c0f158ec5dfbba01bb0b14a4541fd81d"
  version = "v0.5.3"

[[projects]]
  digest = "1:c0d19ab64b32ce9fe5cf4ddceba78d5bc9807f0016db6b1183599da3dcc24d10"
  name = "github.com/hashicorp/hcl"
  packages = [
    ".",
    "hcl/ast",
    "hcl/parser",
    "hcl/printer",
    "hcl/scanner",
    "hcl/strconv",
    "hcl/token",
    "json/parser",
    "json/scanner",
    "json/token",
  ]
  pruneopts = "UT"
  revision = "8cb6e5b959231cc1119e43259c4a608f9c51a241"
  version = "v1.0.0"

[[projects]]
  digest = "1:c9c1456ba62a4fc1488b2e18c809e8f2904d44b7858c0228c7768879d714a5a8"
  name = "github.com/insolar/insolar"
  packages = [
    "application",
    "application/api/requester",
    "application/builtin/contract/account",
    "application/builtin/contract/deposit",
    "application/builtin/contract/member",
    "application/builtin/contract/member/signer",
    "application/builtin/contract/migrationshard",
    "application/builtin/proxy/account",
    "application/builtin/proxy/costcenter",
    "application/builtin/proxy/deposit",
    "application/builtin/proxy/member",
    "application/builtin/proxy/migrationadmin",
    "application/builtin/proxy/migrationdaemon",
    "application/builtin/proxy/migrationshard",
    "application/builtin/proxy/nodedomain",
    "application/builtin/proxy/rootdomain",
    "application/builtin/proxy/wallet",
    "application/genesisrefs",
    "configuration",
    "insolar",
    "insolar/bits",
    "insolar/bus",
    "insolar/bus/meta",
    "insolar/flow",
    "insolar/flow/internal/pulse",
    "insolar/gen",
    "insolar/jet",
    "insolar/node",
    "insolar/payload",
    "insolar/pulse",
    "insolar/record",
    "insolar/reply",
    "insolar/store",
    "insolar/utils",
    "instrumentation/inslogger",
    "instrumentation/insmetrics",
    "instrumentation/instracer",
    "ledger/drop",
    "ledger/heavy/executor",
    "ledger/heavy/exporter",
    "ledger/object",
    "log",
    "log/critlog",
    "log/inssyslog",
    "log/logadapter",
    "log/logmetrics",
    "log/logoutput",
    "log/zlogadapter",
    "logicrunner/artifacts",
    "logicrunner/builtin/foundation",
    "logicrunner/builtin/foundation/safemath",
    "logicrunner/common",
    "logicrunner/goplugin/rpctypes",
    "logicrunner/metrics",
    "longbits",
    "network/consensus/common/args",
    "network/consensus/common/cryptkit",
    "platformpolicy",
    "platformpolicy/internal/hash",
    "platformpolicy/internal/sign",
    "pulse",
    "reference",
  ]
  pruneopts = "UT"
  revision = "8849613af096e43777498f2ae17b3b7638c5981e"

[[projects]]
  digest = "1:9f86b5f5862a8ae44a5e2461619ac8f0fd1c75d670b735e40c4319f61bcb4bd3"
  name = "github.com/insolar/x-crypto"
  packages = [
    ".",
    "dsa",
    "ecdsa",
    "elliptic",
    "internal/randutil",
    "md5",
    "rand",
    "rand/internal/unix",
    "rsa",
    "sha1",
    "sha256",
    "sha512",
    "subtle",
    "x509",
    "x509/pkix",
  ]
  pruneopts = "UT"
  revision = "f1d1a11a87990a129e7cc24fe4b7efb46dbdbe01"
  version = "1.1"

[[projects]]
  branch = "master"
  digest = "1:dd23d86a0fa020b92759911fa46751912f6f1b6a881bcb7a9112df658a1450db"
  name = "github.com/insolar/xns"
  packages = [
    "api/requester",
    "builtin/contract/deposit",
    "builtin/proxy/member",
    "builtin/proxy/migrationdaemon",
  ]
  pruneopts = "UT"
  revision = "f94b55112d1fb29ed22a8aa94fec5d71eeacf6ad"

[[projects]]
  branch = "master"
  digest = "1:fa3a7dc0a780fb19838fb96d4e18c0b9a019d9bb618798308d7b6ca48fcb9876"
  name = "github.com/jbenet/go-base58"
  packages = ["."]
  pruneopts = "UT"
  revision = "6237cf65f3a6f7111cd8a42be3590df99a66bc7d"

[[projects]]
  digest = "1:01ed62f8f4f574d8aff1d88caee113700a2b44c42351943fa73cc1808f736a50"
  name = "github.com/jinzhu/inflection"
  packages = ["."]
  pruneopts = "UT"
  revision = "f5c5f50e6090ae76a29240b61ae2a90dd810112e"
  version = "v1.0.0"

[[projects]]
  digest = "1:31e761d97c76151dde79e9d28964a812c46efc5baee4085b86f68f0c654450de"
  name = "github.com/konsorten/go-windows-terminal-sequences"
  packages = ["."]
  pruneopts = "UT"
  revision = "f55edac94c9bbba5d6182a4be46d86a2c9b5b50e"
  version = "v1.0.2"

[[projects]]
  digest = "1:5a0ef768465592efca0412f7e838cdc0826712f8447e70e6ccc52eb441e9ab13"
  name = "github.com/magiconair/properties"
  packages = ["."]
  pruneopts = "UT"
  revision = "de8848e004dd33dc07a2947b3d76f618a7fc7ef1"
  version = "v1.8.1"

[[projects]]
  digest = "1:ff5ebae34cfbf047d505ee150de27e60570e8c394b3b8fdbb720ff6ac71985fc"
  name = "github.com/matttproud/golang_protobuf_extensions"
  packages = ["pbutil"]
  pruneopts = "UT"
  revision = "c12348ce28de40eed0136aa2b644d0ee0650e56c"
  version = "v1.0.1"

[[projects]]
  digest = "1:53bc4cd4914cd7cd52139990d5170d6dc99067ae31c56530621b18b35fc30318"
  name = "github.com/mitchellh/mapstructure"
  packages = ["."]
  pruneopts = "UT"
  revision = "3536a929edddb9a5b34bd6861dc4a9647cb459fe"
  version = "v1.1.2"

[[projects]]
  branch = "master"
  digest = "1:b0eb641b43b44b196880360efaf95e5916cb2bea747935932694b7003ea8adb3"
  name = "github.com/mmcloughlin/avo"
  packages = [
    "attr",
    "build",
    "buildtags",
    "gotypes",
    "internal/prnt",
    "internal/stack",
    "ir",
    "operand",
    "pass",
    "printer",
    "reg",
    "src",
    "x86",
  ]
  pruneopts = "UT"
  revision = "15d6a9a17e5386cb169227dd4dea9a23100a5029"

[[projects]]
  digest = "1:860c25446f565f998eb698ddc033e9e43b2546eb950b20aca28f30ba73deb86d"
  name = "github.com/oklog/ulid"
  packages = ["."]
  pruneopts = "UT"
  revision = "be3bccf06dda9a40aa6800c4736ac77f2fef987f"
  version = "v2.0.2"

[[projects]]
  digest = "1:ee4d4af67d93cc7644157882329023ce9a7bcfce956a079069a9405521c7cc8d"
  name = "github.com/opencontainers/go-digest"
  packages = ["."]
  pruneopts = "UT"
  revision = "279bed98673dd5bef374d3b6e4b09e2af76183bf"
  version = "v1.0.0-rc1"

[[projects]]
  digest = "1:11db38d694c130c800d0aefb502fb02519e514dc53d9804ce51d1ad25ec27db6"
  name = "github.com/opencontainers/image-spec"
  packages = [
    "specs-go",
    "specs-go/v1",
  ]
  pruneopts = "UT"
  revision = "d60099175f88c47cd379c4738d158884749ed235"
  version = "v1.0.1"

[[projects]]
  digest = "1:38ee335aedf4626620f3cf8f605661e71abdcce7b40b38921962beb3980f0a20"
  name = "github.com/opencontainers/runc"
  packages = ["libcontainer/user"]
  pruneopts = "UT"
  revision = "baf6536d6259209c3edfa2b22237af82942d3dfa"
  version = "v0.1.1"

[[projects]]
  digest = "1:11e62d6050198055e6cd87ed57e5d8c669e84f839c16e16f192374d913d1a70d"
  name = "github.com/opentracing/opentracing-go"
  packages = [
    ".",
    "ext",
    "log",
  ]
  pruneopts = "UT"
  revision = "659c90643e714681897ec2521c60567dd21da733"
  version = "v1.1.0"

[[projects]]
  digest = "1:bcf2d55e2db937dc823d75e2c25b7df370515e9e6b0ebc27a30ff570daa17c2f"
  name = "github.com/ory/dockertest"
  packages = [
    ".",
    "docker",
    "docker/opts",
    "docker/pkg/archive",
    "docker/pkg/fileutils",
    "docker/pkg/homedir",
    "docker/pkg/idtools",
    "docker/pkg/ioutils",
    "docker/pkg/jsonmessage",
    "docker/pkg/longpath",
    "docker/pkg/mount",
    "docker/pkg/pools",
    "docker/pkg/stdcopy",
    "docker/pkg/system",
    "docker/pkg/term",
    "docker/pkg/term/windows",
    "docker/types",
    "docker/types/blkiodev",
    "docker/types/container",
    "docker/types/filters",
    "docker/types/mount",
    "docker/types/network",
    "docker/types/registry",
    "docker/types/strslice",
    "docker/types/versions",
  ]
  pruneopts = "UT"
  revision = "0373d2b9524a523af527c5d4dfb4a60baf7a5bc5"
  version = "v3.4.0"

[[projects]]
  digest = "1:bbd3997f0121200f72b64d7a3826eb8a0b910d6a4c19894c9fe2852b9e5eaf3b"
  name = "github.com/pelletier/go-toml"
  packages = ["."]
  pruneopts = "UT"
  revision = "8fe62057ea2d46ce44254c98e84e810044dbe197"
  version = "v1.5.0"

[[projects]]
  digest = "1:cf31692c14422fa27c83a05292eb5cbe0fb2775972e8f1f8446a71549bd8980b"
  name = "github.com/pkg/errors"
  packages = ["."]
  pruneopts = "UT"
  revision = "ba968bfe8b2f7e042a574c888954fccecfa385b4"
  version = "v0.8.1"

[[projects]]
  digest = "1:0028cb19b2e4c3112225cd871870f2d9cf49b9b4276531f03438a88e94be86fe"
  name = "github.com/pmezard/go-difflib"
  packages = ["difflib"]
  pruneopts = "UT"
  revision = "792786c7400a136282c1664665ae0a8db921c6c2"
  version = "v1.0.0"

[[projects]]
  digest = "1:e89f2cdede55684adbe44b5566f55838ad2aee1dff348d14b73ccf733607b671"
  name = "github.com/prometheus/client_golang"
  packages = [
    "prometheus",
    "prometheus/internal",
    "prometheus/promhttp",
  ]
  pruneopts = "UT"
  revision = "2641b987480bca71fb39738eb8c8b0d577cb1d76"
  version = "v0.9.4"

[[projects]]
  branch = "master"
  digest = "1:2d5cd61daa5565187e1d96bae64dbbc6080dacf741448e9629c64fd93203b0d4"
  name = "github.com/prometheus/client_model"
  packages = ["go"]
  pruneopts = "UT"
  revision = "14fe0d1b01d4d5fc031dd4bec1823bd3ebbe8016"

[[projects]]
  digest = "1:f119e3205d3a1f0f19dbd7038eb37528e2c6f0933269dc344e305951fb87d632"
  name = "github.com/prometheus/common"
  packages = [
    "expfmt",
    "internal/bitbucket.org/ww/goautoneg",
    "model",
  ]
  pruneopts = "UT"
  revision = "287d3e634a1e550c9e463dd7e5a75a422c614505"
  version = "v0.7.0"

[[projects]]
  digest = "1:a210815b437763623ecca8eb91e6a0bf4f2d6773c5a6c9aec0e28f19e5fd6deb"
  name = "github.com/prometheus/procfs"
  packages = [
    ".",
    "internal/fs",
    "internal/util",
  ]
  pruneopts = "UT"
  revision = "499c85531f756d1129edd26485a5f73871eeb308"
  version = "v0.0.5"

[[projects]]
  digest = "1:4853aea8a727b1cc962f687688aef22ce0dd040a9f695c07f303559e4595a152"
  name = "github.com/renstrom/shortuuid"
  packages = ["."]
  pruneopts = "UT"
  revision = "1be5ab5d90f6624ae0484197d1bb079a399712f0"
  version = "v3.0.3"

[[projects]]
  digest = "1:09e64bb459ade28b89f7d783b652cb25aacceab299faa018b3f4c7c970dc6975"
  name = "github.com/rs/zerolog"
  packages = [
    ".",
    "internal/cbor",
    "internal/json",
  ]
  pruneopts = "UT"
  revision = "b806a5ecbe5347ad9ef05121fea8f4acc65fa5fc"
  version = "v1.15.0"

[[projects]]
  branch = "master"
  digest = "1:a3b8912deeef29007fab9a13a9f21b9e9b59c621a2ed61e2fe7b37320a71fbd5"
  name = "github.com/satori/go.uuid"
  packages = ["."]
  pruneopts = "UT"
  revision = "b2ce2384e17bbe0c6d34077efa39dbab3e09123b"

[[projects]]
  digest = "1:04457f9f6f3ffc5fea48e71d62f2ca256637dee0a04d710288e27e05c8b41976"
  name = "github.com/sirupsen/logrus"
  packages = ["."]
  pruneopts = "UT"
  revision = "839c75faf7f98a33d445d181f3018b5c3409a45e"
  version = "v1.4.2"

[[projects]]
  digest = "1:bb495ec276ab82d3dd08504bbc0594a65de8c3b22c6f2aaa92d05b73fbf3a82e"
  name = "github.com/spf13/afero"
  packages = [
    ".",
    "mem",
  ]
  pruneopts = "UT"
  revision = "588a75ec4f32903aa5e39a2619ba6a4631e28424"
  version = "v1.2.2"

[[projects]]
  digest = "1:08d65904057412fc0270fc4812a1c90c594186819243160dc779a402d4b6d0bc"
  name = "github.com/spf13/cast"
  packages = ["."]
  pruneopts = "UT"
  revision = "8c9545af88b134710ab1cd196795e7f2388358d7"
  version = "v1.3.0"

[[projects]]
  digest = "1:1b753ec16506f5864d26a28b43703c58831255059644351bbcb019b843950900"
  name = "github.com/spf13/jwalterweatherman"
  packages = ["."]
  pruneopts = "UT"
  revision = "94f6ae3ed3bceceafa716478c5fbf8d29ca601a1"
  version = "v1.1.0"

[[projects]]
  digest = "1:524b71991fc7d9246cc7dc2d9e0886ccb97648091c63e30eef619e6862c955dd"
  name = "github.com/spf13/pflag"
  packages = ["."]
  pruneopts = "UT"
  revision = "2e9d26c8c37aae03e3f9d4e90b7116f5accb7cab"
  version = "v1.0.5"

[[projects]]
  digest = "1:11118bd196646c6515fea3d6c43f66162833c6ae4939bfb229b9956d91c6cf17"
  name = "github.com/spf13/viper"
  packages = ["."]
  pruneopts = "UT"
  revision = "b5bf975e5823809fb22c7644d008757f78a4259e"
  version = "v1.4.0"

[[projects]]
  branch = "master"
  digest = "1:9686d506a6ea205dcaf88068eeefe16446add2b7b0632b2190c0e8284cbd9acd"
  name = "github.com/stretchr/testify"
  packages = [
    "assert",
    "require",
  ]
  pruneopts = "UT"
  revision = "85f2b59c4459e5bf57488796be8c3667cb8246d6"

[[projects]]
  branch = "master"
  digest = "1:4262ea367f180f3865bad721123c6eefb389762190b3c90de6f7723fbe5ca6f2"
  name = "github.com/tylerb/gls"
  packages = ["."]
  pruneopts = "UT"
  revision = "e606233f194d6c314156dc6a35f21a42a470c6f6"

[[projects]]
  digest = "1:b0fcdb2b7d3f20b60e024bb8c8be5a47d72c353f21e9a083fb1a226de4a94c43"
  name = "github.com/uber/jaeger-client-go"
  packages = [
    ".",
    "config",
    "internal/baggage",
    "internal/baggage/remote",
    "internal/spanlog",
    "internal/throttler",
    "internal/throttler/remote",
    "log",
    "rpcmetrics",
    "thrift",
    "thrift-gen/agent",
    "thrift-gen/baggage",
    "thrift-gen/jaeger",
    "thrift-gen/sampling",
    "thrift-gen/zipkincore",
    "transport",
    "utils",
  ]
  pruneopts = "UT"
  revision = "d4d621cd6ed9aa5f1fc91eb0d0211d336bd6b79d"
  version = "v2.19.0"

[[projects]]
  digest = "1:d7b6fd08442b8d26882fae2c859a0d63962d72a533476a217d46743ed30cb803"
  name = "github.com/uber/jaeger-lib"
  packages = ["metrics"]
  pruneopts = "UT"
  revision = "a87ae9d84fb038a8d79266298970720be7c80fcd"
  version = "v2.2.0"

[[projects]]
  digest = "1:56a1ddd7eb11b4e46f7c8b8137194f6e33f2faa64afb25d0412002603452f274"
  name = "github.com/ugorji/go"
  packages = ["codec"]
  pruneopts = "UT"
  revision = "772ced7fd4c2f6322c07537a9a93b68d74551fa6"

[[projects]]
  digest = "1:6d09d314deafad6ab058602e4b535bb5bcc48421058fbf8445a4a8ff47f1300f"
  name = "go.opencensus.io"
  packages = [
    ".",
    "internal",
    "internal/tagencoding",
    "metric/metricdata",
    "metric/metricexport",
    "metric/metricproducer",
    "resource",
    "stats",
    "stats/internal",
    "stats/view",
    "tag",
    "trace",
    "trace/internal",
    "trace/tracestate",
  ]
  pruneopts = "UT"
  revision = "59d1ce35d30f3c25ba762169da2a37eab6ffa041"
  version = "v0.22.1"

[[projects]]
  branch = "master"
  digest = "1:f649ca018c008deb067022c38fd46ea13cd82f86b20e3204c5ca53db87c372e7"
  name = "golang.org/x/crypto"
  packages = [
    "cryptobyte",
    "cryptobyte/asn1",
    "pbkdf2",
    "sha3",
  ]
  pruneopts = "UT"
  revision = "87dc89f01550277dc22b74ffcf4cd89fa2f40f4c"

[[projects]]
  branch = "master"
  digest = "1:c124e945335a9c62ede3a565f3198c5ae9a5ecc39fddd85871138362d128fb74"
  name = "golang.org/x/net"
  packages = [
    "context",
    "http/httpguts",
    "http2",
    "http2/hpack",
    "idna",
    "internal/timeseries",
    "trace",
  ]
  pruneopts = "UT"
  revision = "da9a3fd4c5820e74b24a6cb7fb438dc9b0dd377c"

[[projects]]
  branch = "master"
  digest = "1:2d4ef744498218d6d0e966e7094911d9a76616ed49c78b54d0697e482fb69b1c"
  name = "golang.org/x/sys"
  packages = [
    "cpu",
    "unix",
    "windows",
  ]
  pruneopts = "UT"
  revision = "3e7259c5e7c2076bb2728047a3df75adb1bad8e5"

[[projects]]
  digest = "1:8d8faad6b12a3a4c819a3f9618cb6ee1fa1cfc33253abeeea8b55336721e3405"
  name = "golang.org/x/text"
  packages = [
    "collate",
    "collate/build",
    "internal/colltab",
    "internal/gen",
    "internal/language",
    "internal/language/compact",
    "internal/tag",
    "internal/triegen",
    "internal/ucd",
    "language",
    "secure/bidirule",
    "transform",
    "unicode/bidi",
    "unicode/cldr",
    "unicode/norm",
    "unicode/rangetable",
  ]
  pruneopts = "UT"
  revision = "342b2e1fbaa52c93f31447ad2c6abc048c63e475"
  version = "v0.3.2"

[[projects]]
  branch = "master"
  digest = "1:e37b91a03eb3e3f0afa03fff5a0fbd8e66ef8345f59baf74ca28196695127f31"
  name = "golang.org/x/tools"
  packages = [
    "go/ast/astutil",
    "go/gcexportdata",
    "go/internal/gcimporter",
    "go/internal/packagesdriver",
    "go/packages",
    "go/types/typeutil",
    "internal/fastwalk",
    "internal/gopathwalk",
    "internal/semver",
    "internal/span",
  ]
  pruneopts = "UT"
  revision = "ed542cd5b28ad1b474f8ff7ca112cad2c3ac2dc8"

[[projects]]
  branch = "master"
  digest = "1:583a0c80f5e3a9343d33aea4aead1e1afcc0043db66fdf961ddd1fe8cd3a4faf"
  name = "google.golang.org/genproto"
  packages = ["googleapis/rpc/status"]
  pruneopts = "UT"
  revision = "548a555dbc03994223efbaba0090152849259498"

[[projects]]
  digest = "1:cbc746de4662c66fd24a037501bd65aa0f8ad0bfca0c92576e0abb88864e3741"
  name = "google.golang.org/grpc"
  packages = [
    ".",
    "balancer",
    "balancer/base",
    "balancer/roundrobin",
    "binarylog/grpc_binarylog_v1",
    "codes",
    "connectivity",
    "credentials",
    "credentials/internal",
    "encoding",
    "encoding/proto",
    "grpclog",
    "internal",
    "internal/backoff",
    "internal/binarylog",
    "internal/channelz",
    "internal/envconfig",
    "internal/grpcrand",
    "internal/grpcsync",
    "internal/syscall",
    "internal/transport",
    "keepalive",
    "metadata",
    "naming",
    "peer",
    "resolver",
    "resolver/dns",
    "resolver/passthrough",
    "stats",
    "status",
    "tap",
  ]
  pruneopts = "UT"
  revision = "2fdaae294f38ed9a121193c51ec99fecd3b13eb7"
  version = "v1.19.0"

[[projects]]
  digest = "1:59f10c1537d2199d9115d946927fe31165959a95190849c82ff11e05803528b0"
  name = "gopkg.in/yaml.v2"
  packages = ["."]
  pruneopts = "UT"
  revision = "f221b8435cfb71e54062f6c6e99e9ade30b124d5"
  version = "v2.2.4"

[[projects]]
  digest = "1:999d566ad1ae4303c456af5a155f7b42401cca4fd33552567ed9dd997b107a08"
  name = "mellium.im/sasl"
  packages = ["."]
  pruneopts = "UT"
  revision = "e58e780e1378aa4df5dc705364ff5ae9a4dd1e04"
  version = "v0.2.1"

[solve-meta]
  analyzer-name = "dep"
  analyzer-version = 1
  input-imports = [
    "github.com/go-pg/migrations",
    "github.com/go-pg/pg",
    "github.com/go-pg/pg/orm",
    "github.com/gojuno/minimock",
    "github.com/hashicorp/golang-lru",
    "github.com/insolar/insolar/application",
    "github.com/insolar/insolar/application/api/requester",
    "github.com/insolar/insolar/application/builtin/contract/account",
    "github.com/insolar/insolar/application/builtin/contract/deposit",
    "github.com/insolar/insolar/application/builtin/contract/member",
    "github.com/insolar/insolar/application/builtin/contract/member/signer",
    "github.com/insolar/insolar/application/builtin/contract/migrationshard",
    "github.com/insolar/insolar/application/builtin/proxy/account",
    "github.com/insolar/insolar/application/builtin/proxy/costcenter",
    "github.com/insolar/insolar/application/builtin/proxy/deposit",
    "github.com/insolar/insolar/application/builtin/proxy/member",
    "github.com/insolar/insolar/application/builtin/proxy/migrationadmin",
    "github.com/insolar/insolar/application/builtin/proxy/migrationdaemon",
    "github.com/insolar/insolar/application/builtin/proxy/migrationshard",
    "github.com/insolar/insolar/application/builtin/proxy/wallet",
    "github.com/insolar/insolar/application/genesisrefs",
    "github.com/insolar/insolar/insolar",
    "github.com/insolar/insolar/insolar/gen",
    "github.com/insolar/insolar/insolar/record",
    "github.com/insolar/insolar/ledger/heavy/exporter",
    "github.com/insolar/insolar/log",
    "github.com/insolar/insolar/logicrunner/builtin/foundation",
    "github.com/insolar/insolar/pulse",
    "github.com/insolar/xns/api/requester",
    "github.com/insolar/xns/builtin/contract/deposit",
    "github.com/insolar/xns/builtin/proxy/member",
    "github.com/insolar/xns/builtin/proxy/migrationdaemon",
    "github.com/ory/dockertest",
    "github.com/pkg/errors",
    "github.com/prometheus/client_golang/prometheus",
    "github.com/prometheus/client_golang/prometheus/promhttp",
    "github.com/sirupsen/logrus",
    "github.com/spf13/viper",
    "github.com/stretchr/testify/assert",
    "github.com/stretchr/testify/require",
    "google.golang.org/grpc",
    "gopkg.in/yaml.v2",
  ]
  solver-name = "gps-cdcl"
  solver-version = 1
